
Microsoft Visual Studio Solution File, Format Version 12.00
# Visual Studio 15
VisualStudioVersion = 15.0.26730.0
MinimumVisualStudioVersion = 10.0.40219.1
Project("{FAE04EC0-301F-11D3-BF4B-00C04F79EFBC}") = "KoinCentrator.Hosts.WebApp", "KoinCentrator.Hosts.WebApp\KoinCentrator.Hosts.WebApp.csproj", "{67C56A54-BC3C-4261-B616-8E8281C5F4F5}"
EndProject
Project("{FAE04EC0-301F-11D3-BF4B-00C04F79EFBC}") = "KoinCentrator.MarketData.Controllers", "KoinCentrator.MarketData.Controllers\KoinCentrator.MarketData.Controllers.csproj", "{B240F92F-2E33-483A-97E2-A7DDE5A83F26}"
EndProject
Project("{FAE04EC0-301F-11D3-BF4B-00C04F79EFBC}") = "KoinCentrator.MarketData.Models", "KoinCentrator.MarketData.Models\KoinCentrator.MarketData.Models.csproj", "{32043A45-B701-4C62-9310-E4EB252189BC}"
EndProject
Project("{FAE04EC0-301F-11D3-BF4B-00C04F79EFBC}") = "KoinCentrator.MarketData.ViewModels", "KoinCentrator.MarketData.ViewModels\KoinCentrator.MarketData.ViewModels.csproj", "{4D7D664E-02C5-4A91-91C6-BE63278FD59D}"
EndProject
Project("{FAE04EC0-301F-11D3-BF4B-00C04F79EFBC}") = "KoinCentrator.MarketData.Sdk", "KoinCentrator.MarketData.Sdk\KoinCentrator.MarketData.Sdk.csproj", "{5FDD9BF1-86A2-4B2C-8764-733454FD4F2D}"
EndProject
Project("{FAE04EC0-301F-11D3-BF4B-00C04F79EFBC}") = "KoinCentrator.MarketData.Providers", "KoinCentrator.MarketData.Providers\KoinCentrator.MarketData.Providers.csproj", "{42256250-5283-4DEE-A867-3B504830287E}"
EndProject
Project("{FAE04EC0-301F-11D3-BF4B-00C04F79EFBC}") = "KoinCentrator.MarketData.Providers.Cryptonator", "KoinCentrator.MarketData.Providers.Cryptonator\KoinCentrator.MarketData.Providers.Cryptonator.csproj", "{E6FA7976-0E4C-4CBC-8FAF-78468D47BEE8}"
EndProject
Project("{FAE04EC0-301F-11D3-BF4B-00C04F79EFBC}") = "KoinCentrator.MarketData.Providers.CryptoCompare", "KoinCentrator.MarketData.Providers.CryptoCompare\KoinCentrator.MarketData.Providers.CryptoCompare.csproj", "{DBA53045-8B55-43A7-839A-F5B68FD55E91}"
EndProject
Project("{FAE04EC0-301F-11D3-BF4B-00C04F79EFBC}") = "KoinCentrator.Startup", "KoinCentrator.Startup\KoinCentrator.Startup.csproj", "{A38D3326-B025-4FE8-AC78-941E965F2A6A}"
EndProject
Project("{FAE04EC0-301F-11D3-BF4B-00C04F79EFBC}") = "KoinCentrator.Tools.Web", "KoinCentrator.Tools.Web\KoinCentrator.Tools.Web.csproj", "{5372EC2E-CBC9-427F-A3C8-B7FF0F4D8C00}"
EndProject
Project("{FAE04EC0-301F-11D3-BF4B-00C04F79EFBC}") = "KoinCentrator.MarketData.Providers.Coinigy", "KoinCentrator.MarketData.Providers.Coinigy\KoinCentrator.MarketData.Providers.Coinigy.csproj", "{11167E19-62B8-48B9-B8B9-A5F2ABADCBB4}"
EndProject
Project("{2150E333-8FDC-42A3-9474-1A3956D46DE8}") = "Hosts", "Hosts", "{F86D9DE1-EC9B-4E1D-866A-C9A1AD40C978}"
EndProject
Project("{2150E333-8FDC-42A3-9474-1A3956D46DE8}") = "MarketData", "MarketData", "{41D8F28E-C2F5-45A1-8966-F1B6B12C95BB}"
EndProject
Project("{2150E333-8FDC-42A3-9474-1A3956D46DE8}") = "Tools", "Tools", "{0D8D37EF-E04A-4DD6-94C5-9E7A635CB31D}"
EndProject
Project("{2150E333-8FDC-42A3-9474-1A3956D46DE8}") = "Orders", "Orders", "{29885975-F16E-41A0-B644-272811CF958A}"
EndProject
Project("{2150E333-8FDC-42A3-9474-1A3956D46DE8}") = "Transactions", "Transactions", "{4DC67B86-C77F-4B03-84F5-6CE93364505D}"
EndProject
Project("{FAE04EC0-301F-11D3-BF4B-00C04F79EFBC}") = "KoinCentrator.Orders.Models", "KoinCentrator.Orders.Models\KoinCentrator.Orders.Models.csproj", "{005C67F5-2E59-47C8-899D-ACF75E33C926}"
EndProject
Project("{2150E333-8FDC-42A3-9474-1A3956D46DE8}") = "Strategies", "Strategies", "{299F0DC4-FCEB-49A2-AA7D-A4A64FB518A9}"
EndProject
Project("{FAE04EC0-301F-11D3-BF4B-00C04F79EFBC}") = "KoinCentrator.Transactions.Models", "KoinCentrator.Transactions.Models\KoinCentrator.Transactions.Models.csproj", "{F34A4F7C-2FFE-4C8A-A300-6C0143E0FC8F}"
EndProject
Global
	GlobalSection(SolutionConfigurationPlatforms) = preSolution
		Debug|Any CPU = Debug|Any CPU
		Release|Any CPU = Release|Any CPU
	EndGlobalSection
	GlobalSection(ProjectConfigurationPlatforms) = postSolution
		{67C56A54-BC3C-4261-B616-8E8281C5F4F5}.Debug|Any CPU.ActiveCfg = Debug|Any CPU
		{67C56A54-BC3C-4261-B616-8E8281C5F4F5}.Debug|Any CPU.Build.0 = Debug|Any CPU
		{67C56A54-BC3C-4261-B616-8E8281C5F4F5}.Release|Any CPU.ActiveCfg = Release|Any CPU
		{67C56A54-BC3C-4261-B616-8E8281C5F4F5}.Release|Any CPU.Build.0 = Release|Any CPU
		{B240F92F-2E33-483A-97E2-A7DDE5A83F26}.Debug|Any CPU.ActiveCfg = Debug|Any CPU
		{B240F92F-2E33-483A-97E2-A7DDE5A83F26}.Debug|Any CPU.Build.0 = Debug|Any CPU
		{B240F92F-2E33-483A-97E2-A7DDE5A83F26}.Release|Any CPU.ActiveCfg = Release|Any CPU
		{B240F92F-2E33-483A-97E2-A7DDE5A83F26}.Release|Any CPU.Build.0 = Release|Any CPU
		{32043A45-B701-4C62-9310-E4EB252189BC}.Debug|Any CPU.ActiveCfg = Debug|Any CPU
		{32043A45-B701-4C62-9310-E4EB252189BC}.Debug|Any CPU.Build.0 = Debug|Any CPU
		{32043A45-B701-4C62-9310-E4EB252189BC}.Release|Any CPU.ActiveCfg = Release|Any CPU
		{32043A45-B701-4C62-9310-E4EB252189BC}.Release|Any CPU.Build.0 = Release|Any CPU
		{4D7D664E-02C5-4A91-91C6-BE63278FD59D}.Debug|Any CPU.ActiveCfg = Debug|Any CPU
		{4D7D664E-02C5-4A91-91C6-BE63278FD59D}.Debug|Any CPU.Build.0 = Debug|Any CPU
		{4D7D664E-02C5-4A91-91C6-BE63278FD59D}.Release|Any CPU.ActiveCfg = Release|Any CPU
		{4D7D664E-02C5-4A91-91C6-BE63278FD59D}.Release|Any CPU.Build.0 = Release|Any CPU
		{5FDD9BF1-86A2-4B2C-8764-733454FD4F2D}.Debug|Any CPU.ActiveCfg = Debug|Any CPU
		{5FDD9BF1-86A2-4B2C-8764-733454FD4F2D}.Debug|Any CPU.Build.0 = Debug|Any CPU
		{5FDD9BF1-86A2-4B2C-8764-733454FD4F2D}.Release|Any CPU.ActiveCfg = Release|Any CPU
		{5FDD9BF1-86A2-4B2C-8764-733454FD4F2D}.Release|Any CPU.Build.0 = Release|Any CPU
		{42256250-5283-4DEE-A867-3B504830287E}.Debug|Any CPU.ActiveCfg = Debug|Any CPU
		{42256250-5283-4DEE-A867-3B504830287E}.Debug|Any CPU.Build.0 = Debug|Any CPU
		{42256250-5283-4DEE-A867-3B504830287E}.Release|Any CPU.ActiveCfg = Release|Any CPU
		{42256250-5283-4DEE-A867-3B504830287E}.Release|Any CPU.Build.0 = Release|Any CPU
		{E6FA7976-0E4C-4CBC-8FAF-78468D47BEE8}.Debug|Any CPU.ActiveCfg = Debug|Any CPU
		{E6FA7976-0E4C-4CBC-8FAF-78468D47BEE8}.Debug|Any CPU.Build.0 = Debug|Any CPU
		{E6FA7976-0E4C-4CBC-8FAF-78468D47BEE8}.Release|Any CPU.ActiveCfg = Release|Any CPU
		{E6FA7976-0E4C-4CBC-8FAF-78468D47BEE8}.Release|Any CPU.Build.0 = Release|Any CPU
		{DBA53045-8B55-43A7-839A-F5B68FD55E91}.Debug|Any CPU.ActiveCfg = Debug|Any CPU
		{DBA53045-8B55-43A7-839A-F5B68FD55E91}.Debug|Any CPU.Build.0 = Debug|Any CPU
		{DBA53045-8B55-43A7-839A-F5B68FD55E91}.Release|Any CPU.ActiveCfg = Release|Any CPU
		{DBA53045-8B55-43A7-839A-F5B68FD55E91}.Release|Any CPU.Build.0 = Release|Any CPU
		{A38D3326-B025-4FE8-AC78-941E965F2A6A}.Debug|Any CPU.ActiveCfg = Debug|Any CPU
		{A38D3326-B025-4FE8-AC78-941E965F2A6A}.Debug|Any CPU.Build.0 = Debug|Any CPU
		{A38D3326-B025-4FE8-AC78-941E965F2A6A}.Release|Any CPU.ActiveCfg = Release|Any CPU
		{A38D3326-B025-4FE8-AC78-941E965F2A6A}.Release|Any CPU.Build.0 = Release|Any CPU
		{5372EC2E-CBC9-427F-A3C8-B7FF0F4D8C00}.Debug|Any CPU.ActiveCfg = Debug|Any CPU
		{5372EC2E-CBC9-427F-A3C8-B7FF0F4D8C00}.Debug|Any CPU.Build.0 = Debug|Any CPU
		{5372EC2E-CBC9-427F-A3C8-B7FF0F4D8C00}.Release|Any CPU.ActiveCfg = Release|Any CPU
		{5372EC2E-CBC9-427F-A3C8-B7FF0F4D8C00}.Release|Any CPU.Build.0 = Release|Any CPU
		{11167E19-62B8-48B9-B8B9-A5F2ABADCBB4}.Debug|Any CPU.ActiveCfg = Debug|Any CPU
		{11167E19-62B8-48B9-B8B9-A5F2ABADCBB4}.Debug|Any CPU.Build.0 = Debug|Any CPU
		{11167E19-62B8-48B9-B8B9-A5F2ABADCBB4}.Release|Any CPU.ActiveCfg = Release|Any CPU
		{11167E19-62B8-48B9-B8B9-A5F2ABADCBB4}.Release|Any CPU.Build.0 = Release|Any CPU
		{005C67F5-2E59-47C8-899D-ACF75E33C926}.Debug|Any CPU.ActiveCfg = Debug|Any CPU
		{005C67F5-2E59-47C8-899D-ACF75E33C926}.Debug|Any CPU.Build.0 = Debug|Any CPU
		{005C67F5-2E59-47C8-899D-ACF75E33C926}.Release|Any CPU.ActiveCfg = Release|Any CPU
		{005C67F5-2E59-47C8-899D-ACF75E33C926}.Release|Any CPU.Build.0 = Release|Any CPU
		{F34A4F7C-2FFE-4C8A-A300-6C0143E0FC8F}.Debug|Any CPU.ActiveCfg = Debug|Any CPU
		{F34A4F7C-2FFE-4C8A-A300-6C0143E0FC8F}.Debug|Any CPU.Build.0 = Debug|Any CPU
		{F34A4F7C-2FFE-4C8A-A300-6C0143E0FC8F}.Release|Any CPU.ActiveCfg = Release|Any CPU
		{F34A4F7C-2FFE-4C8A-A300-6C0143E0FC8F}.Release|Any CPU.Build.0 = Release|Any CPU
	EndGlobalSection
	GlobalSection(SolutionProperties) = preSolution
		HideSolutionNode = FALSE
	EndGlobalSection
	GlobalSection(NestedProjects) = preSolution
		{67C56A54-BC3C-4261-B616-8E8281C5F4F5} = {F86D9DE1-EC9B-4E1D-866A-C9A1AD40C978}
		{B240F92F-2E33-483A-97E2-A7DDE5A83F26} = {41D8F28E-C2F5-45A1-8966-F1B6B12C95BB}
		{32043A45-B701-4C62-9310-E4EB252189BC} = {41D8F28E-C2F5-45A1-8966-F1B6B12C95BB}
		{4D7D664E-02C5-4A91-91C6-BE63278FD59D} = {41D8F28E-C2F5-45A1-8966-F1B6B12C95BB}
		{5FDD9BF1-86A2-4B2C-8764-733454FD4F2D} = {41D8F28E-C2F5-45A1-8966-F1B6B12C95BB}
		{42256250-5283-4DEE-A867-3B504830287E} = {41D8F28E-C2F5-45A1-8966-F1B6B12C95BB}
		{E6FA7976-0E4C-4CBC-8FAF-78468D47BEE8} = {41D8F28E-C2F5-45A1-8966-F1B6B12C95BB}
		{DBA53045-8B55-43A7-839A-F5B68FD55E91} = {41D8F28E-C2F5-45A1-8966-F1B6B12C95BB}
		{5372EC2E-CBC9-427F-A3C8-B7FF0F4D8C00} = {0D8D37EF-E04A-4DD6-94C5-9E7A635CB31D}
		{11167E19-62B8-48B9-B8B9-A5F2ABADCBB4} = {41D8F28E-C2F5-45A1-8966-F1B6B12C95BB}
		{005C67F5-2E59-47C8-899D-ACF75E33C926} = {29885975-F16E-41A0-B644-272811CF958A}
		{F34A4F7C-2FFE-4C8A-A300-6C0143E0FC8F} = {4DC67B86-C77F-4B03-84F5-6CE93364505D}
	EndGlobalSection
	GlobalSection(ExtensibilityGlobals) = postSolution
		SolutionGuid = {99C8F6F6-3D15-4C36-9129-3EDE81C840D5}
	EndGlobalSection
EndGlobal
